{
  "name": "workerd-experiments",
  "lockfileVersion": 3,
  "requires": true,
  "packages": {
    "": {
      "dependencies": {
        "workerd": "^1.20230710.0"
      }
    },
    "node_modules/@cloudflare/workerd-darwin-64": {
      "version": "1.20231010.0",
      "resolved": "https://registry.npmjs.org/@cloudflare/workerd-darwin-64/-/workerd-darwin-64-1.20231010.0.tgz",
      "integrity": "sha512-LM9ePAh88EGoQkYisAfdLMEDzcaMinRer0mY11GOiN4A9ZU+6APRVvhh5JBRzI0F6Dkb8nHtrzhisioWCRaY1w==",
      "cpu": [
        "x64"
      ],
      "optional": true,
      "os": [
        "darwin"
      ],
      "engines": {
        "node": ">=16"
      }
    },
    "node_modules/@cloudflare/workerd-darwin-arm64": {
      "version": "1.20231010.0",
      "resolved": "https://registry.npmjs.org/@cloudflare/workerd-darwin-arm64/-/workerd-darwin-arm64-1.20231010.0.tgz",
      "integrity": "sha512-Vr7Z1O+vJRCnVeWaF0YSv0EMHiMRY7yYCxr7O509FzvJAXsZuXZ7DYC5TAD7a8HSeeqsxFTAbF9jg0y9A2wKVw==",
      "cpu": [
        "arm64"
      ],
      "optional": true,
      "os": [
        "darwin"
      ],
      "engines": {
        "node": ">=16"
      }
    },
    "node_modules/@cloudflare/workerd-linux-64": {
      "version": "1.20231010.0",
      "resolved": "https://registry.npmjs.org/@cloudflare/workerd-linux-64/-/workerd-linux-64-1.20231010.0.tgz",
      "integrity": "sha512-l9oDVPVhPEOHr1JpcGnLSsIf1h8sZnvcIC2Tl1zt+3p/KGFyGqGyAZJMLUoMJ54Q07oRE1x3KAu+JcWWEvdxpg==",
      "cpu": [
        "x64"
      ],
      "optional": true,
      "os": [
        "linux"
      ],
      "engines": {
        "node": ">=16"
      }
    },
    "node_modules/@cloudflare/workerd-linux-arm64": {
      "version": "1.20231010.0",
      "resolved": "https://registry.npmjs.org/@cloudflare/workerd-linux-arm64/-/workerd-linux-arm64-1.20231010.0.tgz",
      "integrity": "sha512-NBmYsJu+ns2W8WHcDnglfqLV5O3FP7lXpoTSTvpM64mhexmemdMlOJX5gpRuarTula3fA+GzEehinUojwM9/1g==",
      "cpu": [
        "arm64"
      ],
      "optional": true,
      "os": [
        "linux"
      ],
      "engines": {
        "node": ">=16"
      }
    },
    "node_modules/@cloudflare/workerd-windows-64": {
      "version": "1.20231010.0",
      "resolved": "https://registry.npmjs.org/@cloudflare/workerd-windows-64/-/workerd-windows-64-1.20231010.0.tgz",
      "integrity": "sha512-jWiG71Rvuh4FYdEpOP1+BAygdguTlMYYy+v5d4ZOjxDkl+V8aR86EEtDQrv/QLUJFbpcoEX25SxXnN5UMKtjhQ==",
      "cpu": [
        "x64"
      ],
      "optional": true,
      "os": [
        "win32"
      ],
      "engines": {
        "node": ">=16"
      }
    },
    "node_modules/workerd": {
      "version": "1.20231010.0",
      "resolved": "https://registry.npmjs.org/workerd/-/workerd-1.20231010.0.tgz",
      "integrity": "sha512-ghxfBU8fBSBDa8fCBPfzWivYsWpewYftgy70N308C+acQ5AaKNM1QTdkQNm9YWeC5Jpl1YvBX04ojt7lCc3juw==",
      "hasInstallScript": true,
      "bin": {
        "workerd": "bin/workerd"
      },
      "engines": {
        "node": ">=16"
      },
      "optionalDependencies": {
        "@cloudflare/workerd-darwin-64": "1.20231010.0",
        "@cloudflare/workerd-darwin-arm64": "1.20231010.0",
        "@cloudflare/workerd-linux-64": "1.20231010.0",
        "@cloudflare/workerd-linux-arm64": "1.20231010.0",
        "@cloudflare/workerd-windows-64": "1.20231010.0"
      }
    }
  }
}
